{
  "nodes": {
    "doom-emacs": {
      "flake": false,
      "locked": {
        "lastModified": 1651775574,
        "narHash": "sha256-ux4bzsQJmSxscLrtLR5h2SbXGlt4mKS0B1ffzvO35Ng=",
        "owner": "hlissner",
        "repo": "doom-emacs",
        "rev": "80cd7557e147ccd0abef05ff4eafb93fe9545ad4",
        "type": "github"
      },
      "original": {
        "owner": "hlissner",
        "ref": "master",
        "repo": "doom-emacs",
        "type": "github"
      }
    },
    "doom-snippets": {
      "flake": false,
      "locked": {
        "lastModified": 1651709822,
        "narHash": "sha256-/PJwt5EuTuUwTD8fmt9vYye3PyPVF0Mrco+Ext0KEJ4=",
        "owner": "hlissner",
        "repo": "doom-snippets",
        "rev": "2596cead5e03896996b7268d057c1d734180547f",
        "type": "github"
      },
      "original": {
        "owner": "hlissner",
        "repo": "doom-snippets",
        "type": "github"
      }
    },
    "emacs-overlay": {
      "inputs": {
        "flake-utils": "flake-utils",
        "nixpkgs": "nixpkgs"
      },
      "locked": {
        "lastModified": 1653073925,
        "narHash": "sha256-3CiKpKMjbKZ/FzTb/xdOxglnJtTNssfmu9DAOdT8r18=",
        "owner": "nix-community",
        "repo": "emacs-overlay",
        "rev": "c04830e91ab27bb98f66d936f36137275804a6e3",
        "type": "github"
      },
      "original": {
        "owner": "nix-community",
        "repo": "emacs-overlay",
        "type": "github"
      }
    },
    "emacs-so-long": {
      "flake": false,
      "locked": {
        "lastModified": 1575031854,
        "narHash": "sha256-xIa5zO0ZaToDrec1OFjBK6l39AbA4l/CE4LInVu2hi0=",
        "owner": "hlissner",
        "repo": "emacs-so-long",
        "rev": "ed666b0716f60e8988c455804de24b55919e71ca",
        "type": "github"
      },
      "original": {
        "owner": "hlissner",
        "repo": "emacs-so-long",
        "type": "github"
      }
    },
    "evil-markdown": {
      "flake": false,
      "locked": {
        "lastModified": 1626852210,
        "narHash": "sha256-HBBuZ1VWIn6kwK5CtGIvHM1+9eiNiKPH0GUsyvpUVN8=",
        "owner": "Somelauw",
        "repo": "evil-markdown",
        "rev": "8e6cc68af83914b2fa9fd3a3b8472573dbcef477",
        "type": "github"
      },
      "original": {
        "owner": "Somelauw",
        "repo": "evil-markdown",
        "type": "github"
      }
    },
    "evil-org-mode": {
      "flake": false,
      "locked": {
        "lastModified": 1607203864,
        "narHash": "sha256-JxwqVYDN6OIJEH15MVI6XOZAPtUWUhJQWHyzcrUvrFg=",
        "owner": "hlissner",
        "repo": "evil-org-mode",
        "rev": "a9706da260c45b98601bcd72b1d2c0a24a017700",
        "type": "github"
      },
      "original": {
        "owner": "hlissner",
        "repo": "evil-org-mode",
        "type": "github"
      }
    },
    "evil-quick-diff": {
      "flake": false,
      "locked": {
        "lastModified": 1575189609,
        "narHash": "sha256-oGzl1ayW9rIuq0haoiFS7RZsS8NFMdEA7K1BSozgnJU=",
        "owner": "rgrinberg",
        "repo": "evil-quick-diff",
        "rev": "69c883720b30a892c63bc89f49d4f0e8b8028908",
        "type": "github"
      },
      "original": {
        "owner": "rgrinberg",
        "repo": "evil-quick-diff",
        "type": "github"
      }
    },
    "explain-pause-mode": {
      "flake": false,
      "locked": {
        "lastModified": 1595842060,
        "narHash": "sha256-++znrjiDSx+cy4okFBBXUBkRFdtnE2x+trkmqjB3Njs=",
        "owner": "lastquestion",
        "repo": "explain-pause-mode",
        "rev": "2356c8c3639cbeeb9751744dbe737267849b4b51",
        "type": "github"
      },
      "original": {
        "owner": "lastquestion",
        "repo": "explain-pause-mode",
        "type": "github"
      }
    },
    "flake-utils": {
      "locked": {
        "lastModified": 1652776076,
        "narHash": "sha256-gzTw/v1vj4dOVbpBSJX4J0DwUR6LIyXo7/SuuTJp1kM=",
        "owner": "numtide",
        "repo": "flake-utils",
        "rev": "04c1b180862888302ddfb2e3ad9eaa63afc60cf8",
        "type": "github"
      },
      "original": {
        "owner": "numtide",
        "repo": "flake-utils",
        "type": "github"
      }
    },
    "flake-utils_2": {
      "locked": {
        "lastModified": 1649676176,
        "narHash": "sha256-OWKJratjt2RW151VUlJPRALb7OU2S5s+f0vLj4o1bHM=",
        "owner": "numtide",
        "repo": "flake-utils",
        "rev": "a4b154ebbdc88c8498a5c7b01589addc9e9cb678",
        "type": "github"
      },
      "original": {
        "owner": "numtide",
        "repo": "flake-utils",
        "type": "github"
      }
    },
    "flake-utils_3": {
      "locked": {
        "lastModified": 1652776076,
        "narHash": "sha256-gzTw/v1vj4dOVbpBSJX4J0DwUR6LIyXo7/SuuTJp1kM=",
        "owner": "numtide",
        "repo": "flake-utils",
        "rev": "04c1b180862888302ddfb2e3ad9eaa63afc60cf8",
        "type": "github"
      },
      "original": {
        "owner": "numtide",
        "repo": "flake-utils",
        "type": "github"
      }
    },
    "flake-utils_4": {
      "locked": {
        "lastModified": 1652776076,
        "narHash": "sha256-gzTw/v1vj4dOVbpBSJX4J0DwUR6LIyXo7/SuuTJp1kM=",
        "owner": "numtide",
        "repo": "flake-utils",
        "rev": "04c1b180862888302ddfb2e3ad9eaa63afc60cf8",
        "type": "github"
      },
      "original": {
        "owner": "numtide",
        "repo": "flake-utils",
        "type": "github"
      }
    },
    "flake-utils_5": {
      "locked": {
        "lastModified": 1652776076,
        "narHash": "sha256-gzTw/v1vj4dOVbpBSJX4J0DwUR6LIyXo7/SuuTJp1kM=",
        "owner": "numtide",
        "repo": "flake-utils",
        "rev": "04c1b180862888302ddfb2e3ad9eaa63afc60cf8",
        "type": "github"
      },
      "original": {
        "owner": "numtide",
        "repo": "flake-utils",
        "type": "github"
      }
    },
    "flake-utils_6": {
      "locked": {
        "lastModified": 1652776076,
        "narHash": "sha256-gzTw/v1vj4dOVbpBSJX4J0DwUR6LIyXo7/SuuTJp1kM=",
        "owner": "numtide",
        "repo": "flake-utils",
        "rev": "04c1b180862888302ddfb2e3ad9eaa63afc60cf8",
        "type": "github"
      },
      "original": {
        "owner": "numtide",
        "repo": "flake-utils",
        "type": "github"
      }
    },
    "format-all": {
      "flake": false,
      "locked": {
        "lastModified": 1581716637,
        "narHash": "sha256-ul7LCe60W8TIvUmUtZtZRo8489TK9iTPDsLHmzxY57M=",
        "owner": "lassik",
        "repo": "emacs-format-all-the-code",
        "rev": "47d862d40a088ca089c92cd393c6dca4628f87d3",
        "type": "github"
      },
      "original": {
        "owner": "lassik",
        "repo": "emacs-format-all-the-code",
        "rev": "47d862d40a088ca089c92cd393c6dca4628f87d3",
        "type": "github"
      }
    },
    "git-ignore-nix": {
      "inputs": {
        "nixpkgs": "nixpkgs_4"
      },
      "locked": {
        "lastModified": 1646480205,
        "narHash": "sha256-kekOlTlu45vuK2L9nq8iVN17V3sB0WWPqTTW3a2SQG0=",
        "owner": "hercules-ci",
        "repo": "gitignore.nix",
        "rev": "bff2832ec341cf30acb3a4d3e2e7f1f7b590116a",
        "type": "github"
      },
      "original": {
        "owner": "hercules-ci",
        "ref": "master",
        "repo": "gitignore.nix",
        "type": "github"
      }
    },
    "git-ignore-nix_2": {
      "inputs": {
        "nixpkgs": "nixpkgs_6"
      },
      "locked": {
        "lastModified": 1646480205,
        "narHash": "sha256-kekOlTlu45vuK2L9nq8iVN17V3sB0WWPqTTW3a2SQG0=",
        "owner": "hercules-ci",
        "repo": "gitignore.nix",
        "rev": "bff2832ec341cf30acb3a4d3e2e7f1f7b590116a",
        "type": "github"
      },
      "original": {
        "owner": "hercules-ci",
        "ref": "master",
        "repo": "gitignore.nix",
        "type": "github"
      }
    },
    "git-ignore-nix_3": {
      "inputs": {
        "nixpkgs": "nixpkgs_8"
      },
      "locked": {
        "lastModified": 1646480205,
        "narHash": "sha256-kekOlTlu45vuK2L9nq8iVN17V3sB0WWPqTTW3a2SQG0=",
        "owner": "hercules-ci",
        "repo": "gitignore.nix",
        "rev": "bff2832ec341cf30acb3a4d3e2e7f1f7b590116a",
        "type": "github"
      },
      "original": {
        "owner": "hercules-ci",
        "ref": "master",
        "repo": "gitignore.nix",
        "type": "github"
      }
    },
    "home-manager": {
      "inputs": {
        "nixpkgs": "nixpkgs_2"
      },
      "locked": {
        "lastModified": 1652996682,
        "narHash": "sha256-7ZWyd5W2tM/uxXGn16AJUXenlGPUt/r6zitEcorz5j0=",
        "owner": "nix-community",
        "repo": "home-manager",
        "rev": "02b15de8ad714409358cffdc6ed518ade03402c4",
        "type": "github"
      },
      "original": {
        "owner": "nix-community",
        "repo": "home-manager",
        "type": "github"
      }
    },
    "nix-doom-emacs": {
      "inputs": {
        "doom-emacs": "doom-emacs",
        "doom-snippets": "doom-snippets",
        "emacs-overlay": [
          "emacs-overlay"
        ],
        "emacs-so-long": "emacs-so-long",
        "evil-markdown": "evil-markdown",
        "evil-org-mode": "evil-org-mode",
        "evil-quick-diff": "evil-quick-diff",
        "explain-pause-mode": "explain-pause-mode",
        "flake-utils": "flake-utils_2",
        "format-all": "format-all",
        "nix-straight": "nix-straight",
        "nixpkgs": [
          "nixpkgs"
        ],
        "nose": "nose",
        "ob-racket": "ob-racket",
        "org": "org",
        "org-contrib": "org-contrib",
        "org-yt": "org-yt",
        "php-extras": "php-extras",
        "revealjs": "revealjs",
        "rotate-text": "rotate-text"
      },
      "locked": {
        "lastModified": 1652175409,
        "narHash": "sha256-8EStP60lqDmVyeRJ9zdH64oAOHAPBlPa8oYqquVrw5Q=",
        "owner": "nix-community",
        "repo": "nix-doom-emacs",
        "rev": "edbe868dd5f8bf447eaffd4cff85167d0771ce0f",
        "type": "github"
      },
      "original": {
        "owner": "nix-community",
        "repo": "nix-doom-emacs",
        "type": "github"
      }
    },
    "nix-straight": {
      "flake": false,
      "locked": {
        "lastModified": 1643475817,
        "narHash": "sha256-NpExq5nbPbj/ppkBX3SnETEJuOne1MKJxen8vVHsDFg=",
        "owner": "nix-community",
        "repo": "nix-straight.el",
        "rev": "08d75e5651cb52f8a07e03408ed19e04bee07505",
        "type": "github"
      },
      "original": {
        "owner": "nix-community",
        "repo": "nix-straight.el",
        "type": "github"
      }
    },
    "nixpkgs": {
      "locked": {
        "lastModified": 1652840887,
        "narHash": "sha256-gEK4NNa4GwIgTZE63kt/4WTFAWRTJVSa30+h4ZjFh9U=",
        "owner": "NixOS",
        "repo": "nixpkgs",
        "rev": "52dc75a4fee3fdbcb792cb6fba009876b912bfe0",
        "type": "github"
      },
      "original": {
        "id": "nixpkgs",
        "type": "indirect"
      }
    },
    "nixpkgs_2": {
      "locked": {
        "lastModified": 1652840887,
        "narHash": "sha256-gEK4NNa4GwIgTZE63kt/4WTFAWRTJVSa30+h4ZjFh9U=",
        "owner": "NixOS",
        "repo": "nixpkgs",
        "rev": "52dc75a4fee3fdbcb792cb6fba009876b912bfe0",
        "type": "github"
      },
      "original": {
        "id": "nixpkgs",
        "type": "indirect"
      }
    },
    "nixpkgs_3": {
      "locked": {
        "lastModified": 1652885393,
        "narHash": "sha256-YIgvvlk4iQ1Hi7KD9o5gsojc+ApB+jiH1d5stK8uXiw=",
        "owner": "NixOS",
        "repo": "nixpkgs",
        "rev": "48037fd90426e44e4bf03e6479e88a11453b9b66",
        "type": "github"
      },
      "original": {
        "owner": "NixOS",
        "ref": "nixos-unstable",
        "repo": "nixpkgs",
        "type": "github"
      }
    },
    "nixpkgs_4": {
      "locked": {
        "lastModified": 1632846328,
        "narHash": "sha256-sFi6YtlGK30TBB9o6CW7LG9mYHkgtKeWbSLAjjrNTX0=",
        "owner": "NixOS",
        "repo": "nixpkgs",
        "rev": "2b71ddd869ad592510553d09fe89c9709fa26b2b",
        "type": "github"
      },
      "original": {
        "id": "nixpkgs",
        "type": "indirect"
      }
    },
    "nixpkgs_5": {
      "locked": {
        "lastModified": 1652840887,
        "narHash": "sha256-gEK4NNa4GwIgTZE63kt/4WTFAWRTJVSa30+h4ZjFh9U=",
        "owner": "NixOS",
        "repo": "nixpkgs",
        "rev": "52dc75a4fee3fdbcb792cb6fba009876b912bfe0",
        "type": "github"
      },
      "original": {
        "id": "nixpkgs",
        "type": "indirect"
      }
    },
    "nixpkgs_6": {
      "locked": {
        "lastModified": 1632846328,
        "narHash": "sha256-sFi6YtlGK30TBB9o6CW7LG9mYHkgtKeWbSLAjjrNTX0=",
        "owner": "NixOS",
        "repo": "nixpkgs",
        "rev": "2b71ddd869ad592510553d09fe89c9709fa26b2b",
        "type": "github"
      },
      "original": {
        "id": "nixpkgs",
        "type": "indirect"
      }
    },
    "nixpkgs_7": {
      "locked": {
        "lastModified": 1652840887,
        "narHash": "sha256-gEK4NNa4GwIgTZE63kt/4WTFAWRTJVSa30+h4ZjFh9U=",
        "owner": "NixOS",
        "repo": "nixpkgs",
        "rev": "52dc75a4fee3fdbcb792cb6fba009876b912bfe0",
        "type": "github"
      },
      "original": {
        "id": "nixpkgs",
        "type": "indirect"
      }
    },
    "nixpkgs_8": {
      "locked": {
        "lastModified": 1632846328,
        "narHash": "sha256-sFi6YtlGK30TBB9o6CW7LG9mYHkgtKeWbSLAjjrNTX0=",
        "owner": "NixOS",
        "repo": "nixpkgs",
        "rev": "2b71ddd869ad592510553d09fe89c9709fa26b2b",
        "type": "github"
      },
      "original": {
        "id": "nixpkgs",
        "type": "indirect"
      }
    },
    "nixpkgs_9": {
      "locked": {
        "lastModified": 1652840887,
        "narHash": "sha256-gEK4NNa4GwIgTZE63kt/4WTFAWRTJVSa30+h4ZjFh9U=",
        "owner": "NixOS",
        "repo": "nixpkgs",
        "rev": "52dc75a4fee3fdbcb792cb6fba009876b912bfe0",
        "type": "github"
      },
      "original": {
        "id": "nixpkgs",
        "type": "indirect"
      }
    },
    "nose": {
      "flake": false,
      "locked": {
        "lastModified": 1400604510,
        "narHash": "sha256-daEi8Kta1oGaDEmUUDDQMahTTPOpvNpDKk22rlr7cB0=",
        "owner": "emacsattic",
        "repo": "nose",
        "rev": "f8528297519eba911696c4e68fa88892de9a7b72",
        "type": "github"
      },
      "original": {
        "owner": "emacsattic",
        "repo": "nose",
        "type": "github"
      }
    },
    "nur": {
      "locked": {
        "lastModified": 1653071118,
        "narHash": "sha256-tQ00nMU4qRsZjKwx34qiCqei1mzPtGKrSoEvLQjEEhI=",
        "owner": "nix-community",
        "repo": "NUR",
        "rev": "efebb4cb7709c3075e9d44e107f788b9680be796",
        "type": "github"
      },
      "original": {
        "owner": "nix-community",
        "repo": "NUR",
        "type": "github"
      }
    },
    "ob-racket": {
      "flake": false,
      "locked": {
        "lastModified": 1584656173,
        "narHash": "sha256-rBUYDDCXb+3D4xTPQo9UocbTPZ32kWV1Uya/1DmZknU=",
        "owner": "xchrishawk",
        "repo": "ob-racket",
        "rev": "83457ec9e1e96a29fd2086ed19432b9d75787673",
        "type": "github"
      },
      "original": {
        "owner": "xchrishawk",
        "repo": "ob-racket",
        "type": "github"
      }
    },
    "org": {
      "flake": false,
      "locked": {
        "lastModified": 1651675049,
        "narHash": "sha256-lReN2q3o6CUDT8dDsj+LZ4ptzG9E2PwNv5JWWb5D5B4=",
        "owner": "emacs-straight",
        "repo": "org-mode",
        "rev": "d2a459d2596a0cfb1389207b117533389fa59e0f",
        "type": "github"
      },
      "original": {
        "owner": "emacs-straight",
        "repo": "org-mode",
        "type": "github"
      }
    },
    "org-contrib": {
      "flake": false,
      "locked": {
        "lastModified": 1639727892,
        "narHash": "sha256-+T6Y87aSAx7kMpigm8d1ODDQIyPBM6a+4qGolXjCEXs=",
        "ref": "master",
        "rev": "5766ff1088191e4df5fecd55007ba4271e609bcc",
        "revCount": 2611,
        "type": "git",
        "url": "https://git.sr.ht/~bzg/org-contrib"
      },
      "original": {
        "type": "git",
        "url": "https://git.sr.ht/~bzg/org-contrib"
      }
    },
    "org-yt": {
      "flake": false,
      "locked": {
        "lastModified": 1527381913,
        "narHash": "sha256-dzQ6B7ryzatHCTLyEnRSbWO0VUiX/FHYnpHTs74aVUs=",
        "owner": "TobiasZawada",
        "repo": "org-yt",
        "rev": "40cc1ac76d741055cbefa13860d9f070a7ade001",
        "type": "github"
      },
      "original": {
        "owner": "TobiasZawada",
        "repo": "org-yt",
        "type": "github"
      }
    },
    "php-extras": {
      "flake": false,
      "locked": {
        "lastModified": 1573312690,
        "narHash": "sha256-r4WyVbzvT0ra4Z6JywNBOw5RxOEYd6Qe2IpebHXkj1U=",
        "owner": "arnested",
        "repo": "php-extras",
        "rev": "d410c5af663c30c01d461ac476d1cbfbacb49367",
        "type": "github"
      },
      "original": {
        "owner": "arnested",
        "repo": "php-extras",
        "type": "github"
      }
    },
    "plover": {
      "flake": false,
      "locked": {
        "lastModified": 1652639506,
        "narHash": "sha256-2sS5jnpIHV2j23vDMS4ka2neRTcEyLH+zs7Og+Ysjvg=",
        "owner": "openstenoproject",
        "repo": "plover",
        "rev": "486a032f7bd50d1df3ddff47f407e77a4cfe0bc6",
        "type": "github"
      },
      "original": {
        "owner": "openstenoproject",
        "repo": "plover",
        "type": "github"
      }
    },
    "plover-flake": {
      "inputs": {
        "flake-utils": "flake-utils_3",
        "nixpkgs": [
          "nixpkgs"
        ],
        "plover": "plover",
        "plover-plugins-manager": "plover-plugins-manager",
        "plover-stroke": "plover-stroke",
        "rtf-tokenize": "rtf-tokenize"
      },
      "locked": {
        "lastModified": 1653028298,
        "narHash": "sha256-hW4HHDqnDWyUBB3F6dZ2yUpKNBcNALgwp9hhD68ql3o=",
        "owner": "dnaq",
        "repo": "plover-flake",
        "rev": "947e5ed67d1ce2c05101604d044d54b7e453315f",
        "type": "github"
      },
      "original": {
        "owner": "dnaq",
        "repo": "plover-flake",
        "type": "github"
      }
    },
    "plover-plugins-manager": {
      "flake": false,
      "locked": {
        "lastModified": 1636062295,
        "narHash": "sha256-+ASEFxjIeqOwwIwojOltA4nAG/HMz+px+wMXuCOc+Dw=",
        "owner": "benoit-pierre",
        "repo": "plover_plugins_manager",
        "rev": "d976d8a3dfd45e35da9697393f6708429f93ed6e",
        "type": "github"
      },
      "original": {
        "owner": "benoit-pierre",
        "repo": "plover_plugins_manager",
        "type": "github"
      }
    },
    "plover-stroke": {
      "flake": false,
      "locked": {
        "lastModified": 1652559629,
        "narHash": "sha256-A75OMzmEn0VmDAvmQCp6/7uptxzwWJTwsih3kWlYioA=",
        "owner": "benoit-pierre",
        "repo": "plover_stroke",
        "rev": "e717a1983b58dcba644153a542dbf8514425a39b",
        "type": "github"
      },
      "original": {
        "owner": "benoit-pierre",
        "repo": "plover_stroke",
        "type": "github"
      }
    },
    "powercord": {
      "inputs": {
        "nixpkgs": [
          "nixpkgs"
        ],
        "powercord": "powercord_2"
      },
      "locked": {
        "lastModified": 1653008801,
        "narHash": "sha256-8ttOUVb0/7E7dZU6yDqtEEX4w61lRdQXa98fTfvK4p0=",
        "owner": "LavaDesu",
        "repo": "powercord-overlay",
        "rev": "e23feee3d4b297850a334e1d1b685e9f79893cc3",
        "type": "github"
      },
      "original": {
        "owner": "LavaDesu",
        "repo": "powercord-overlay",
        "type": "github"
      }
    },
    "powercord_2": {
      "flake": false,
      "locked": {
        "lastModified": 1653007516,
        "narHash": "sha256-Q1zrJ4fUMf9uoD4rr5N2qSrA/c7VZCixZjiG6fOG1aE=",
        "owner": "powercord-org",
        "repo": "powercord",
        "rev": "f6f11356e5265f1d629510a6e6ade54e08953d19",
        "type": "github"
      },
      "original": {
        "owner": "powercord-org",
        "repo": "powercord",
        "type": "github"
      }
    },
    "revealjs": {
      "flake": false,
      "locked": {
        "lastModified": 1651495761,
        "narHash": "sha256-B3L8h0CyYgZCen8aWyLiDXHZMugXAzFToLJNg8f2PWU=",
        "owner": "hakimel",
        "repo": "reveal.js",
        "rev": "0ca389721c5c7eff5db6f67159cbb1cdd51a3d7f",
        "type": "github"
      },
      "original": {
        "owner": "hakimel",
        "repo": "reveal.js",
        "type": "github"
      }
    },
    "root": {
      "inputs": {
        "emacs-overlay": "emacs-overlay",
        "home-manager": "home-manager",
        "nix-doom-emacs": "nix-doom-emacs",
        "nixpkgs": "nixpkgs_3",
        "nur": "nur",
        "plover-flake": "plover-flake",
        "powercord": "powercord",
        "xmonad": "xmonad",
        "xmonad-contrib": "xmonad-contrib"
      }
    },
    "rotate-text": {
      "flake": false,
      "locked": {
        "lastModified": 1322962747,
        "narHash": "sha256-SOeOgSlcEIsKhUiYDJv0p+mLUb420s9E2BmvZQvZ0wk=",
        "owner": "debug-ito",
        "repo": "rotate-text.el",
        "rev": "48f193697db996855aee1ad2bc99b38c6646fe76",
        "type": "github"
      },
      "original": {
        "owner": "debug-ito",
        "repo": "rotate-text.el",
        "type": "github"
      }
    },
    "rtf-tokenize": {
      "flake": false,
      "locked": {
        "lastModified": 1633915168,
        "narHash": "sha256-zwD2sRYTY1Kmm/Ag2hps9VRdUyQoi4zKtDPR+F52t9A=",
        "owner": "benoit-pierre",
        "repo": "rtf_tokenize",
        "rev": "509b009b97077d5abcebe53d46ca6b67c3438a2c",
        "type": "github"
      },
      "original": {
        "owner": "benoit-pierre",
        "repo": "rtf_tokenize",
        "type": "github"
      }
    },
    "unstable": {
      "locked": {
        "lastModified": 1652885393,
        "narHash": "sha256-YIgvvlk4iQ1Hi7KD9o5gsojc+ApB+jiH1d5stK8uXiw=",
        "owner": "NixOS",
        "repo": "nixpkgs",
        "rev": "48037fd90426e44e4bf03e6479e88a11453b9b66",
        "type": "github"
      },
      "original": {
        "owner": "NixOS",
        "ref": "nixos-unstable",
        "repo": "nixpkgs",
        "type": "github"
      }
    },
    "unstable_2": {
      "locked": {
        "lastModified": 1652885393,
        "narHash": "sha256-YIgvvlk4iQ1Hi7KD9o5gsojc+ApB+jiH1d5stK8uXiw=",
        "owner": "NixOS",
        "repo": "nixpkgs",
        "rev": "48037fd90426e44e4bf03e6479e88a11453b9b66",
        "type": "github"
      },
      "original": {
        "owner": "NixOS",
        "ref": "nixos-unstable",
        "repo": "nixpkgs",
        "type": "github"
      }
    },
    "xmonad": {
      "inputs": {
        "flake-utils": "flake-utils_4",
        "git-ignore-nix": "git-ignore-nix",
        "nixpkgs": "nixpkgs_5",
        "unstable": "unstable"
      },
      "locked": {
        "lastModified": 1652805061,
        "narHash": "sha256-zz/r5vg3nkyo5dPx7q4QRgz3aTpQPmZidOOo3rKUnTo=",
        "owner": "xmonad",
        "repo": "xmonad",
        "rev": "54d921c5a6f7ae2b4f345428c516dd7213acc990",
        "type": "github"
      },
      "original": {
        "owner": "xmonad",
        "repo": "xmonad",
        "type": "github"
      }
    },
    "xmonad-contrib": {
      "inputs": {
        "flake-utils": "flake-utils_5",
        "git-ignore-nix": "git-ignore-nix_2",
        "nixpkgs": "nixpkgs_7",
        "xmonad": "xmonad_2"
      },
      "locked": {
        "lastModified": 1652016476,
        "narHash": "sha256-b2Yvn4Kxoi3saixAIA/G3Z2Ud0HsMPZSAUvuEpu3ycc=",
        "owner": "xmonad",
        "repo": "xmonad-contrib",
        "rev": "67243cbf7c0c3b4f7bebcc049bfe9b93128b698b",
        "type": "github"
      },
      "original": {
        "owner": "xmonad",
        "repo": "xmonad-contrib",
        "type": "github"
      }
    },
    "xmonad_2": {
      "inputs": {
        "flake-utils": "flake-utils_6",
        "git-ignore-nix": "git-ignore-nix_3",
        "nixpkgs": "nixpkgs_9",
        "unstable": "unstable_2"
      },
      "locked": {
        "lastModified": 1652805061,
        "narHash": "sha256-zz/r5vg3nkyo5dPx7q4QRgz3aTpQPmZidOOo3rKUnTo=",
        "owner": "xmonad",
        "repo": "xmonad",
        "rev": "54d921c5a6f7ae2b4f345428c516dd7213acc990",
        "type": "github"
      },
      "original": {
        "owner": "xmonad",
        "repo": "xmonad",
        "type": "github"
      }
    }
  },
  "root": "root",
  "version": 7
}
