{
  "nodes": {
    "discord": {
      "inputs": {
        "nixpkgs": [
          "nixpkgs"
        ]
      },
      "locked": {
        "lastModified": 1697497222,
        "narHash": "sha256-1W+cu1bStptZPjgPGDoZOM1mAVbm1hqkS44TKRj4YX8=",
        "owner": "InternetUnexplorer",
        "repo": "discord-overlay",
        "rev": "0cf1b2778134e91576055219e14ebf4ade726810",
        "type": "github"
      },
      "original": {
        "owner": "InternetUnexplorer",
        "repo": "discord-overlay",
        "type": "github"
      }
    },
    "emacs-overlay": {
      "inputs": {
        "flake-utils": "flake-utils",
        "nixpkgs": "nixpkgs",
        "nixpkgs-stable": "nixpkgs-stable"
      },
      "locked": {
        "lastModified": 1697684116,
        "narHash": "sha256-EEhgIcmF9k0mwp4YFECpTjlmxkozUhKBaLRKEAofgRg=",
        "owner": "nix-community",
        "repo": "emacs-overlay",
        "rev": "fe40ad6ce08ce1ec49f8e0ff3d95a35b92aa48c8",
        "type": "github"
      },
      "original": {
        "owner": "nix-community",
        "repo": "emacs-overlay",
        "type": "github"
      }
    },
    "flake-utils": {
      "inputs": {
        "systems": "systems"
      },
      "locked": {
        "lastModified": 1694529238,
        "narHash": "sha256-zsNZZGTGnMOf9YpHKJqMSsa0dXbfmxeoJ7xHlrt+xmY=",
        "owner": "numtide",
        "repo": "flake-utils",
        "rev": "ff7b65b44d01cf9ba6a71320833626af21126384",
        "type": "github"
      },
      "original": {
        "owner": "numtide",
        "repo": "flake-utils",
        "type": "github"
      }
    },
    "flake-utils_2": {
      "inputs": {
        "systems": "systems_2"
      },
      "locked": {
        "lastModified": 1694529238,
        "narHash": "sha256-zsNZZGTGnMOf9YpHKJqMSsa0dXbfmxeoJ7xHlrt+xmY=",
        "owner": "numtide",
        "repo": "flake-utils",
        "rev": "ff7b65b44d01cf9ba6a71320833626af21126384",
        "type": "github"
      },
      "original": {
        "owner": "numtide",
        "repo": "flake-utils",
        "type": "github"
      }
    },
    "home-manager": {
      "inputs": {
        "nixpkgs": "nixpkgs_2"
      },
      "locked": {
        "lastModified": 1697662575,
        "narHash": "sha256-fVtd4Le9edB831xyGWu0aqSfg6YVbkCNMX/IE3SUIdk=",
        "owner": "nix-community",
        "repo": "home-manager",
        "rev": "3433206e51766b4164dad368a81325efbf343fbe",
        "type": "github"
      },
      "original": {
        "owner": "nix-community",
        "repo": "home-manager",
        "type": "github"
      }
    },
    "nixpkgs": {
      "locked": {
        "lastModified": 1697456312,
        "narHash": "sha256-roiSnrqb5r+ehnKCauPLugoU8S36KgmWraHgRqVYndo=",
        "owner": "NixOS",
        "repo": "nixpkgs",
        "rev": "ca012a02bf8327be9e488546faecae5e05d7d749",
        "type": "github"
      },
      "original": {
        "owner": "NixOS",
        "ref": "nixos-unstable",
        "repo": "nixpkgs",
        "type": "github"
      }
    },
    "nixpkgs-stable": {
      "locked": {
        "lastModified": 1697583813,
        "narHash": "sha256-SRXK2EBMZHlOAs/5bjphhX9XnIKR6peTV6i7yoL6/Lg=",
        "owner": "NixOS",
        "repo": "nixpkgs",
        "rev": "b5f8ec6be261dfc44c3b56b220e2793d1b61512b",
        "type": "github"
      },
      "original": {
        "owner": "NixOS",
        "ref": "nixos-23.05",
        "repo": "nixpkgs",
        "type": "github"
      }
    },
    "nixpkgs_2": {
      "locked": {
        "lastModified": 1697456312,
        "narHash": "sha256-roiSnrqb5r+ehnKCauPLugoU8S36KgmWraHgRqVYndo=",
        "owner": "NixOS",
        "repo": "nixpkgs",
        "rev": "ca012a02bf8327be9e488546faecae5e05d7d749",
        "type": "github"
      },
      "original": {
        "owner": "NixOS",
        "ref": "nixos-unstable",
        "repo": "nixpkgs",
        "type": "github"
      }
    },
    "nixpkgs_3": {
      "locked": {
        "lastModified": 1697456312,
        "narHash": "sha256-roiSnrqb5r+ehnKCauPLugoU8S36KgmWraHgRqVYndo=",
        "owner": "NixOS",
        "repo": "nixpkgs",
        "rev": "ca012a02bf8327be9e488546faecae5e05d7d749",
        "type": "github"
      },
      "original": {
        "owner": "NixOS",
        "ref": "nixos-unstable",
        "repo": "nixpkgs",
        "type": "github"
      }
    },
    "nur": {
      "locked": {
        "lastModified": 1697688354,
        "narHash": "sha256-aFmRXx3qPz3aXjsxItKhMkuAGhHCK28eHwydm3asGo8=",
        "owner": "nix-community",
        "repo": "NUR",
        "rev": "d93b0d6d8df901ba513d192efc98a079a2e98674",
        "type": "github"
      },
      "original": {
        "owner": "nix-community",
        "repo": "NUR",
        "type": "github"
      }
    },
    "plover": {
      "flake": false,
      "locked": {
        "lastModified": 1695926233,
        "narHash": "sha256-rmMec/BbvOJ92u8Tmp3Kv2YezzJxB/L8UrDntTDSKj4=",
        "owner": "openstenoproject",
        "repo": "plover",
        "rev": "ef931650eb91afa13298c57fe926675968171cee",
        "type": "github"
      },
      "original": {
        "owner": "openstenoproject",
        "repo": "plover",
        "type": "github"
      }
    },
    "plover-flake": {
      "inputs": {
        "flake-utils": "flake-utils_2",
        "nixpkgs": [
          "nixpkgs"
        ],
        "plover": "plover",
        "plover-machine-hid": "plover-machine-hid",
        "plover-stroke": "plover-stroke",
        "plover2cat": "plover2cat",
        "plover_auto_reconnect_machine": "plover_auto_reconnect_machine",
        "plover_plugins_registry": "plover_plugins_registry",
        "plover_stenobee_extended": "plover_stenobee_extended",
        "rtf-tokenize": "rtf-tokenize"
      },
      "locked": {
        "lastModified": 1697688656,
        "narHash": "sha256-FBrrMOEpAUqmoEbHniv3yBbCW0XAv/jcCvUzbnnHkFQ=",
        "path": "/etc/nixos/plover-flake",
        "type": "path"
      },
      "original": {
        "path": "/etc/nixos/plover-flake",
        "type": "path"
      }
    },
    "plover-machine-hid": {
      "flake": false,
      "locked": {
        "lastModified": 1693153992,
        "narHash": "sha256-2MQPLERSjX0i0GJaKMyb39beMhQytraWIDHiqX5fSOg=",
        "owner": "dnaq",
        "repo": "plover-machine-hid",
        "rev": "4924dfc1ddf542182cb5de6075a659f75f88b124",
        "type": "github"
      },
      "original": {
        "owner": "dnaq",
        "repo": "plover-machine-hid",
        "type": "github"
      }
    },
    "plover-stroke": {
      "flake": false,
      "locked": {
        "lastModified": 1652559629,
        "narHash": "sha256-A75OMzmEn0VmDAvmQCp6/7uptxzwWJTwsih3kWlYioA=",
        "owner": "openstenoproject",
        "repo": "plover_stroke",
        "rev": "e717a1983b58dcba644153a542dbf8514425a39b",
        "type": "github"
      },
      "original": {
        "owner": "openstenoproject",
        "repo": "plover_stroke",
        "type": "github"
      }
    },
    "plover2cat": {
      "flake": false,
      "locked": {
        "lastModified": 1696482031,
        "narHash": "sha256-iz5YO6G4wVuhn8XlPkrwOtCg4+9lsPK0KsmDQVF7wpo=",
        "owner": "greenwyrt",
        "repo": "plover2CAT",
        "rev": "8c6ad1c4a553a996482492f4286df23e9b3bacfa",
        "type": "github"
      },
      "original": {
        "owner": "greenwyrt",
        "repo": "plover2CAT",
        "type": "github"
      }
    },
    "plover_auto_reconnect_machine": {
      "flake": false,
      "locked": {
        "lastModified": 1696968927,
        "narHash": "sha256-x7s0JnZE8VYXH76KaR50qoQg29GnQ405l1/72HA6AMk=",
        "owner": "tschulte",
        "repo": "plover_auto_reconnect_machine",
        "rev": "aaacf26b245c82d9818ea8e4cfa62167a56d93a9",
        "type": "github"
      },
      "original": {
        "owner": "tschulte",
        "repo": "plover_auto_reconnect_machine",
        "type": "github"
      }
    },
    "plover_plugins_registry": {
      "flake": false,
      "locked": {
        "lastModified": 1697077020,
        "narHash": "sha256-YlrZ/CAEQlXOc35f/DQz1tgzmKyL3q2AEcPeWlIB/IA=",
        "owner": "openstenoproject",
        "repo": "plover_plugins_registry",
        "rev": "55a46f644180a841b55bbec86f507562ecc34816",
        "type": "github"
      },
      "original": {
        "owner": "openstenoproject",
        "repo": "plover_plugins_registry",
        "type": "github"
      }
    },
    "plover_stenobee_extended": {
      "flake": false,
      "locked": {
        "lastModified": 0,
        "narHash": "sha256-OoBGvry8KtfUOZyj4elyggepGsw/QCHapvmkB391YLI=",
        "path": "/etc/nixos/StenoBee",
        "type": "path"
      },
      "original": {
        "path": "/etc/nixos/StenoBee",
        "type": "path"
      }
    },
    "root": {
      "inputs": {
        "discord": "discord",
        "emacs-overlay": "emacs-overlay",
        "home-manager": "home-manager",
        "nixpkgs": "nixpkgs_3",
        "nur": "nur",
        "plover-flake": "plover-flake"
      }
    },
    "rtf-tokenize": {
      "flake": false,
      "locked": {
        "lastModified": 1633915168,
        "narHash": "sha256-zwD2sRYTY1Kmm/Ag2hps9VRdUyQoi4zKtDPR+F52t9A=",
        "owner": "openstenoproject",
        "repo": "rtf_tokenize",
        "rev": "509b009b97077d5abcebe53d46ca6b67c3438a2c",
        "type": "github"
      },
      "original": {
        "owner": "openstenoproject",
        "repo": "rtf_tokenize",
        "type": "github"
      }
    },
    "systems": {
      "locked": {
        "lastModified": 1681028828,
        "narHash": "sha256-Vy1rq5AaRuLzOxct8nz4T6wlgyUR7zLU309k9mBC768=",
        "owner": "nix-systems",
        "repo": "default",
        "rev": "da67096a3b9bf56a91d16901293e51ba5b49a27e",
        "type": "github"
      },
      "original": {
        "owner": "nix-systems",
        "repo": "default",
        "type": "github"
      }
    },
    "systems_2": {
      "locked": {
        "lastModified": 1681028828,
        "narHash": "sha256-Vy1rq5AaRuLzOxct8nz4T6wlgyUR7zLU309k9mBC768=",
        "owner": "nix-systems",
        "repo": "default",
        "rev": "da67096a3b9bf56a91d16901293e51ba5b49a27e",
        "type": "github"
      },
      "original": {
        "owner": "nix-systems",
        "repo": "default",
        "type": "github"
      }
    }
  },
  "root": "root",
  "version": 7
}
